
Microsoft Visual Studio Solution File, Format Version 12.00
# Visual Studio Version 16
VisualStudioVersion = 16.0.31424.327
MinimumVisualStudioVersion = 10.0.40219.1
Project("{FAE04EC0-301F-11D3-BF4B-00C04F79EFBC}") = "RazorProject", "RazorProject\RazorProject.csproj", "{B48C7157-F85A-452B-8B56-A67E0AE7392E}"
EndProject
Global
	GlobalSection(SolutionConfigurationPlatforms) = preSolution
		Debug|Any CPU = Debug|Any CPU
		Release|Any CPU = Release|Any CPU
	EndGlobalSection
	GlobalSection(ProjectConfigurationPlatforms) = postSolution
		{B48C7157-F85A-452B-8B56-A67E0AE7392E}.Debug|Any CPU.ActiveCfg = Debug|Any CPU
		{B48C7157-F85A-452B-8B56-A67E0AE7392E}.Debug|Any CPU.Build.0 = Debug|Any CPU
		{B48C7157-F85A-452B-8B56-A67E0AE7392E}.Release|Any CPU.ActiveCfg = Release|Any CPU
		{B48C7157-F85A-452B-8B56-A67E0AE7392E}.Release|Any CPU.Build.0 = Release|Any CPU
	EndGlobalSection
	GlobalSection(SolutionProperties) = preSolution
		HideSolutionNode = FALSE
	EndGlobalSection
	GlobalSection(ExtensibilityGlobals) = postSolution
		SolutionGuid = {CCF2DB8D-6F57-4E19-AEA6-4C737BB2CE85}
	EndGlobalSection
EndGlobal
